
Microsoft Visual Studio Solution File, Format Version 12.00
# Visual Studio Version 17
VisualStudioVersion = 17.14.36705.20 d17.14
MinimumVisualStudioVersion = 10.0.40219.1
Project("{FAE04EC0-301F-11D3-BF4B-00C04F79EFBC}") = "ContactManager", "ContactManager.csproj", "{C983E089-09C8-4931-8088-9545050E6EDB}"
EndProject
Global
	GlobalSection(SolutionConfigurationPlatforms) = preSolution
		Debug|Any CPU = Debug|Any CPU
		Release|Any CPU = Release|Any CPU
	EndGlobalSection
	GlobalSection(ProjectConfigurationPlatforms) = postSolution
		{C983E089-09C8-4931-8088-9545050E6EDB}.Debug|Any CPU.ActiveCfg = Debug|Any CPU
		{C983E089-09C8-4931-8088-9545050E6EDB}.Debug|Any CPU.Build.0 = Debug|Any CPU
		{C983E089-09C8-4931-8088-9545050E6EDB}.Release|Any CPU.ActiveCfg = Release|Any CPU
		{C983E089-09C8-4931-8088-9545050E6EDB}.Release|Any CPU.Build.0 = Release|Any CPU
	EndGlobalSection
	GlobalSection(SolutionProperties) = preSolution
		HideSolutionNode = FALSE
	EndGlobalSection
	GlobalSection(ExtensibilityGlobals) = postSolution
		SolutionGuid = {E6D14130-B8CD-4F44-AB79-70CA5E1D4888}
	EndGlobalSection
EndGlobal
